# This file is automatically @generated by Cargo.
# It is not intended for manual editing.
version = 3

[[package]]
name = "bootstrap-server"
version = "0.1.0"
dependencies = [
 "daemonize",
 "protocol",
]

[[package]]
name = "daemonize"
version = "0.5.0"
source = "registry+https://github.com/rust-lang/crates.io-index"
checksum = "ab8bfdaacb3c887a54d41bdf48d3af8873b3f5566469f8ba21b92057509f116e"
dependencies = [
 "libc",
]

[[package]]
name = "libc"
version = "0.2.158"
source = "registry+https://github.com/rust-lang/crates.io-index"
checksum = "d8adc4bb1803a324070e64a98ae98f38934d91957a99cfb3a43dcbc01bc56439"

[[package]]
name = "protocol"
version = "0.1.0"
